// !$*UTF8*$!
{
	archiveVersion = 1;
	classes = {
	};
	objectVersion = 110;
	objects = {

/* Begin PBXBuildFile section */
		E23E35DC30662A9B00ECDC5B /* AppDelegate.swift in Sources */ = {isa = PBXBuildFile; fileRef = E23E35DB30662A9B00ECDC5B /* AppDelegate.swift */; };
		E23E35E030662A9B00ECDC5B /* Main.html in Resources */ = {isa = PBXBuildFile; fileRef = E23E35DE30662A9B00ECDC5B /* Main.html */; };
		E23E35E230662A9B00ECDC5B /* Icon.png in Resources */ = {isa = PBXBuildFile; fileRef = E23E35E130662A9B00ECDC5B /* Icon.png */; };
		E23E35E430662A9B00ECDC5B /* Style.css in Resources */ = {isa = PBXBuildFile; fileRef = E23E35E330662A9B00ECDC5B /* Style.css */; };
		E23E35E630662A9B00ECDC5B /* Script.js in Resources */ = {isa = PBXBuildFile; fileRef = E23E35E530662A9B00ECDC5B /* Script.js */; };
		E23E35E830662A9B00ECDC5B /* ViewController.swift in Sources */ = {isa = PBXBuildFile; fileRef = E23E35E730662A9B00ECDC5B /* ViewController.swift */; };
		E23E35EB30662A9B00ECDC5B /* Main.storyboard in Resources */ = {isa = PBXBuildFile; fileRef = E23E35E930662A9B00ECDC5B /* Main.storyboard */; };
		E23E35ED30662A9C00ECDC5B /* Assets.xcassets in Resources */ = {isa = PBXBuildFile; fileRef = E23E35EC30662A9C00ECDC5B /* Assets.xcassets */; };
		E23E35F430662A9C00ECDC5B /* X Bookmark Shelf Extension.appex in Embed Foundation Extensions */ = {isa = PBXBuildFile; fileRef = E23E35F330662A9C00ECDC5B /* X Bookmark Shelf Extension.appex */; settings = {ATTRIBUTES = (RemoveHeadersOnCopy, ); }; };
		E23E35F930662A9C00ECDC5B /* SafariWebExtensionHandler.swift in Sources */ = {isa = PBXBuildFile; fileRef = E23E35F830662A9C00ECDC5B /* SafariWebExtensionHandler.swift */; };
		E23E360B30662A9D00ECDC5B /* manager.html in Resources */ = {isa = PBXBuildFile; fileRef = E23E360530662A9D00ECDC5B /* manager.html */; };
		E23E360C30662A9D00ECDC5B /* background.js in Resources */ = {isa = PBXBuildFile; fileRef = E23E360630662A9D00ECDC5B /* background.js */; };
		E23E360D30662A9D00ECDC5B /* manager.js in Resources */ = {isa = PBXBuildFile; fileRef = E23E360730662A9D00ECDC5B /* manager.js */; };
		E23E360E30662A9D00ECDC5B /* manifest.json in Resources */ = {isa = PBXBuildFile; fileRef = E23E360830662A9D00ECDC5B /* manifest.json */; };
		E23E360F30662A9D00ECDC5B /* content.js in Resources */ = {isa = PBXBuildFile; fileRef = E23E360930662A9D00ECDC5B /* content.js */; };
		E23E361030662A9D00ECDC5B /* assets in Resources */ = {isa = PBXBuildFile; fileRef = E23E360A30662A9D00ECDC5B /* assets */; };
		E23E361130662A9D00ECDC5B /* _locales in Resources */ = {isa = PBXBuildFile; fileRef = E23E361230662A9D00ECDC5B /* _locales */; };
/* End PBXBuildFile section */

/* Begin PBXContainerItemProxy section */
		E23E35F530662A9C00ECDC5B /* PBXContainerItemProxy */ = {
			isa = PBXContainerItemProxy;
			containerPortal = E23E35D030662A9B00ECDC5B /* Project object */;
			proxyType = 1;
			remoteGlobalIDString = E23E35F230662A9C00ECDC5B;
			remoteInfo = "X Bookmark Shelf Extension";
		};
/* End PBXContainerItemProxy section */

/* Begin PBXCopyFilesBuildPhase section */
		E23E360030662A9C00ECDC5B /* Embed Foundation Extensions */ = {
			isa = PBXCopyFilesBuildPhase;
			dstPath = "";
			dstSubfolder = PlugIns;
			files = (
				E23E35F430662A9C00ECDC5B /* X Bookmark Shelf Extension.appex in Embed Foundation Extensions */,
			);
			name = "Embed Foundation Extensions";
		};
/* End PBXCopyFilesBuildPhase section */

/* Begin PBXFileReference section */
		E23E35D830662A9B00ECDC5B /* X Bookmark Shelf.app */ = {isa = PBXFileReference; explicitFileType = wrapper.application; includeInIndex = 0; path = "X Bookmark Shelf.app"; sourceTree = BUILT_PRODUCTS_DIR; };
		E23E35DB30662A9B00ECDC5B /* AppDelegate.swift */ = {isa = PBXFileReference; lastKnownFileType = sourcecode.swift; path = AppDelegate.swift; sourceTree = "<group>"; };
		E23E35DF30662A9B00ECDC5B /* Base */ = {isa = PBXFileReference; lastKnownFileType = text.html; name = Base; path = Base.lproj/Main.html; sourceTree = "<group>"; };
		E23E35E130662A9B00ECDC5B /* Icon.png */ = {isa = PBXFileReference; lastKnownFileType = image.png; path = Icon.png; sourceTree = "<group>"; };
		E23E35E330662A9B00ECDC5B /* Style.css */ = {isa = PBXFileReference; lastKnownFileType = text.css; path = Style.css; sourceTree = "<group>"; };
		E23E35E530662A9B00ECDC5B /* Script.js */ = {isa = PBXFileReference; lastKnownFileType = sourcecode.javascript; path = Script.js; sourceTree = "<group>"; };
		E23E35E730662A9B00ECDC5B /* ViewController.swift */ = {isa = PBXFileReference; lastKnownFileType = sourcecode.swift; path = ViewController.swift; sourceTree = "<group>"; };
		E23E35EA30662A9B00ECDC5B /* Base */ = {isa = PBXFileReference; lastKnownFileType = file.storyboard; name = Base; path = Base.lproj/Main.storyboard; sourceTree = "<group>"; };
		E23E35EC30662A9C00ECDC5B /* Assets.xcassets */ = {isa = PBXFileReference; lastKnownFileType = folder.assetcatalog; path = Assets.xcassets; sourceTree = "<group>"; };
		E23E35EE30662A9C00ECDC5B /* Info.plist */ = {isa = PBXFileReference; lastKnownFileType = text.plist.xml; path = Info.plist; sourceTree = "<group>"; };
		E23E35F330662A9C00ECDC5B /* X Bookmark Shelf Extension.appex */ = {isa = PBXFileReference; explicitFileType = "wrapper.app-extension"; includeInIndex = 0; path = "X Bookmark Shelf Extension.appex"; sourceTree = BUILT_PRODUCTS_DIR; };
		E23E35F830662A9C00ECDC5B /* SafariWebExtensionHandler.swift */ = {isa = PBXFileReference; lastKnownFileType = sourcecode.swift; path = SafariWebExtensionHandler.swift; sourceTree = "<group>"; };
		E23E35FA30662A9C00ECDC5B /* Info.plist */ = {isa = PBXFileReference; lastKnownFileType = text.plist.xml; path = Info.plist; sourceTree = "<group>"; };
		E23E360530662A9D00ECDC5B /* manager.html */ = {isa = PBXFileReference; lastKnownFileType = text.html; name = manager.html; path = Resources/manager.html; sourceTree = "<group>"; };
		E23E360630662A9D00ECDC5B /* background.js */ = {isa = PBXFileReference; lastKnownFileType = sourcecode.javascript; name = background.js; path = Resources/background.js; sourceTree = "<group>"; };
		E23E360730662A9D00ECDC5B /* manager.js */ = {isa = PBXFileReference; lastKnownFileType = sourcecode.javascript; name = manager.js; path = Resources/manager.js; sourceTree = "<group>"; };
		E23E360830662A9D00ECDC5B /* manifest.json */ = {isa = PBXFileReference; lastKnownFileType = text.json; name = manifest.json; path = Resources/manifest.json; sourceTree = "<group>"; };
		E23E360930662A9D00ECDC5B /* content.js */ = {isa = PBXFileReference; lastKnownFileType = sourcecode.javascript; name = content.js; path = Resources/content.js; sourceTree = "<group>"; };
		E23E360A30662A9D00ECDC5B /* assets */ = {isa = PBXFileReference; lastKnownFileType = folder; name = assets; path = Resources/assets; sourceTree = "<group>"; };
		E23E361230662A9D00ECDC5B /* _locales */ = {isa = PBXFileReference; lastKnownFileType = folder; name = _locales; path = Resources/_locales; sourceTree = "<group>"; };
		E2B754663066480600574F3B /* README.md */ = {isa = PBXFileReference; lastKnownFileType = net.daringfireball.markdown; path = README.md; sourceTree = "<group>"; };
/* End PBXFileReference section */

/* Begin PBXFrameworksBuildPhase section */
		E23E35D530662A9B00ECDC5B /* Frameworks */ = {
			isa = PBXFrameworksBuildPhase;
			files = (
			);
		};
		E23E35F030662A9C00ECDC5B /* Frameworks */ = {
			isa = PBXFrameworksBuildPhase;
			files = (
			);
		};
/* End PBXFrameworksBuildPhase section */

/* Begin PBXGroup section */
		E23E35CF30662A9B00ECDC5B = {
			isa = PBXGroup;
			children = (
				E23E35DA30662A9B00ECDC5B /* X Bookmark Shelf */,
				E23E35F730662A9C00ECDC5B /* X Bookmark Shelf Extension */,
				E2B754663066480600574F3B /* README.md */,
				E23E35D930662A9B00ECDC5B /* Products */,
			);
			sourceTree = "<group>";
		};
		E23E35D930662A9B00ECDC5B /* Products */ = {
			isa = PBXGroup;
			children = (
				E23E35D830662A9B00ECDC5B /* X Bookmark Shelf.app */,
				E23E35F330662A9C00ECDC5B /* X Bookmark Shelf Extension.appex */,
			);
			name = Products;
			sourceTree = "<group>";
		};
		E23E35DA30662A9B00ECDC5B /* X Bookmark Shelf */ = {
			isa = PBXGroup;
			children = (
				E23E35DB30662A9B00ECDC5B /* AppDelegate.swift */,
				E23E35E730662A9B00ECDC5B /* ViewController.swift */,
				E23E35E930662A9B00ECDC5B /* Main.storyboard */,
				E23E35EC30662A9C00ECDC5B /* Assets.xcassets */,
				E23E35EE30662A9C00ECDC5B /* Info.plist */,
				E23E35DD30662A9B00ECDC5B /* Resources */,
			);
			path = "X Bookmark Shelf";
			sourceTree = "<group>";
		};
		E23E35DD30662A9B00ECDC5B /* Resources */ = {
			isa = PBXGroup;
			children = (
				E23E35DE30662A9B00ECDC5B /* Main.html */,
				E23E35E130662A9B00ECDC5B /* Icon.png */,
				E23E35E330662A9B00ECDC5B /* Style.css */,
				E23E35E530662A9B00ECDC5B /* Script.js */,
			);
			path = Resources;
			sourceTree = "<group>";
		};
		E23E35F730662A9C00ECDC5B /* X Bookmark Shelf Extension */ = {
			isa = PBXGroup;
			children = (
				E23E360430662A9D00ECDC5B /* Resources */,
				E23E35F830662A9C00ECDC5B /* SafariWebExtensionHandler.swift */,
				E23E35FA30662A9C00ECDC5B /* Info.plist */,
			);
			path = "X Bookmark Shelf Extension";
			sourceTree = "<group>";
		};
		E23E360430662A9D00ECDC5B /* Resources */ = {
			isa = PBXGroup;
			children = (
				E23E360530662A9D00ECDC5B /* manager.html */,
				E23E360630662A9D00ECDC5B /* background.js */,
				E23E360730662A9D00ECDC5B /* manager.js */,
				E23E360830662A9D00ECDC5B /* manifest.json */,
				E23E360930662A9D00ECDC5B /* content.js */,
				E23E360A30662A9D00ECDC5B /* assets */,
				E23E361230662A9D00ECDC5B /* _locales */,
			);
			name = Resources;
			path = "X Bookmark Shelf Extension";
			sourceTree = SOURCE_ROOT;
		};
/* End PBXGroup section */

/* Begin PBXNativeTarget section */
		E23E35D730662A9B00ECDC5B /* X Bookmark Shelf */ = {
			isa = PBXNativeTarget;
			buildConfigurationList = E23E360130662A9C00ECDC5B /* Build configuration list for PBXNativeTarget "X Bookmark Shelf" */;
			buildPhases = (
				E23E35D430662A9B00ECDC5B /* Sources */,
				E23E35D530662A9B00ECDC5B /* Frameworks */,
				E23E35D630662A9B00ECDC5B /* Resources */,
				E23E360030662A9C00ECDC5B /* Embed Foundation Extensions */,
			);
			buildRules = (
			);
			dependencies = (
				E23E35F630662A9C00ECDC5B /* PBXTargetDependency */,
			);
			name = "X Bookmark Shelf";
			productName = "X Bookmark Shelf";
			productReference = E23E35D830662A9B00ECDC5B /* X Bookmark Shelf.app */;
			productType = "com.apple.product-type.application";
		};
		E23E35F230662A9C00ECDC5B /* X Bookmark Shelf Extension */ = {
			isa = PBXNativeTarget;
			buildConfigurationList = E23E35FD30662A9C00ECDC5B /* Build configuration list for PBXNativeTarget "X Bookmark Shelf Extension" */;
			buildPhases = (
				E23E35EF30662A9C00ECDC5B /* Sources */,
				E23E35F030662A9C00ECDC5B /* Frameworks */,
				E23E35F130662A9C00ECDC5B /* Resources */,
			);
			buildRules = (
			);
			name = "X Bookmark Shelf Extension";
			productName = "X Bookmark Shelf Extension";
			productReference = E23E35F330662A9C00ECDC5B /* X Bookmark Shelf Extension.appex */;
			productType = "com.apple.product-type.app-extension";
		};
/* End PBXNativeTarget section */

/* Begin PBXProject section */
		E23E35D030662A9B00ECDC5B /* Project object */ = {
			isa = PBXProject;
			attributes = {
				BuildIndependentTargetsInParallel = 1;
				LastSwiftUpdateCheck = 2700;
				LastUpgradeCheck = 2700;
				TargetAttributes = {
					E23E35D730662A9B00ECDC5B = {
						CreatedOnToolsVersion = 27.0;
					};
					E23E35F230662A9C00ECDC5B = {
						CreatedOnToolsVersion = 27.0;
					};
				};
			};
			buildConfigurationList = E23E35D330662A9B00ECDC5B /* Build configuration list for PBXProject "X Bookmark Shelf" */;
			developmentRegion = en;
			hasScannedForEncodings = 0;
			knownRegions = (
				en,
				Base,
			);
			mainGroup = E23E35CF30662A9B00ECDC5B;
			minimizedProjectReferenceProxies = 1;
			preferredProjectObjectVersion = 77;
			productRefGroup = E23E35D930662A9B00ECDC5B /* Products */;
			projectDirPath = "";
			projectRoot = "";
			targets = (
				E23E35D730662A9B00ECDC5B /* X Bookmark Shelf */,
				E23E35F230662A9C00ECDC5B /* X Bookmark Shelf Extension */,
			);
		};
/* End PBXProject section */

/* Begin PBXResourcesBuildPhase section */
		E23E35D630662A9B00ECDC5B /* Resources */ = {
			isa = PBXResourcesBuildPhase;
			files = (
				E23E35E230662A9B00ECDC5B /* Icon.png in Resources */,
				E23E35EB30662A9B00ECDC5B /* Main.storyboard in Resources */,
				E23E35E630662A9B00ECDC5B /* Script.js in Resources */,
				E23E35E030662A9B00ECDC5B /* Main.html in Resources */,
				E23E35ED30662A9C00ECDC5B /* Assets.xcassets in Resources */,
				E23E35E430662A9B00ECDC5B /* Style.css in Resources */,
			);
		};
		E23E35F130662A9C00ECDC5B /* Resources */ = {
			isa = PBXResourcesBuildPhase;
			files = (
				E23E360E30662A9D00ECDC5B /* manifest.json in Resources */,
				E23E360D30662A9D00ECDC5B /* manager.js in Resources */,
				E23E360C30662A9D00ECDC5B /* background.js in Resources */,
				E23E361030662A9D00ECDC5B /* assets in Resources */,
				E23E360B30662A9D00ECDC5B /* manager.html in Resources */,
				E23E360F30662A9D00ECDC5B /* content.js in Resources */,
				E23E361130662A9D00ECDC5B /* _locales in Resources */,
			);
		};
/* End PBXResourcesBuildPhase section */

/* Begin PBXSourcesBuildPhase section */
		E23E35D430662A9B00ECDC5B /* Sources */ = {
			isa = PBXSourcesBuildPhase;
			files = (
				E23E35E830662A9B00ECDC5B /* ViewController.swift in Sources */,
				E23E35DC30662A9B00ECDC5B /* AppDelegate.swift in Sources */,
			);
		};
		E23E35EF30662A9C00ECDC5B /* Sources */ = {
			isa = PBXSourcesBuildPhase;
			files = (
				E23E35F930662A9C00ECDC5B /* SafariWebExtensionHandler.swift in Sources */,
			);
		};
/* End PBXSourcesBuildPhase section */

/* Begin PBXTargetDependency section */
		E23E35F630662A9C00ECDC5B /* PBXTargetDependency */ = {
			isa = PBXTargetDependency;
			target = E23E35F230662A9C00ECDC5B /* X Bookmark Shelf Extension */;
			targetProxy = E23E35F530662A9C00ECDC5B /* PBXContainerItemProxy */;
		};
/* End PBXTargetDependency section */

/* Begin PBXVariantGroup section */
		E23E35DE30662A9B00ECDC5B /* Main.html */ = {
			isa = PBXVariantGroup;
			children = (
				E23E35DF30662A9B00ECDC5B /* Base */,
			);
			name = Main.html;
			sourceTree = "<group>";
		};
		E23E35E930662A9B00ECDC5B /* Main.storyboard */ = {
			isa = PBXVariantGroup;
			children = (
				E23E35EA30662A9B00ECDC5B /* Base */,
			);
			name = Main.storyboard;
			sourceTree = "<group>";
		};
/* End PBXVariantGroup section */

/* Begin XCBuildConfiguration section */
		E23E35FB30662A9C00ECDC5B /* Debug configuration for PBXProject "X Bookmark Shelf" */ = {
			isa = XCBuildConfiguration;
			buildSettings = {
				ALWAYS_SEARCH_USER_PATHS = NO;
				ASSETCATALOG_COMPILER_GENERATE_SWIFT_ASSET_SYMBOL_EXTENSIONS = YES;
				CLANG_ANALYZER_NONNULL = YES;
				CLANG_ANALYZER_NUMBER_OBJECT_CONVERSION = YES_AGGRESSIVE;
				CLANG_CXX_LANGUAGE_STANDARD = "gnu++20";
				CLANG_ENABLE_MODULES = YES;
				CLANG_ENABLE_OBJC_ARC = YES;
				CLANG_ENABLE_OBJC_WEAK = YES;
				CLANG_WARN_BLOCK_CAPTURE_AUTORELEASING = YES;
				CLANG_WARN_BOOL_CONVERSION = YES;
				CLANG_WARN_COMMA = YES;
				CLANG_WARN_CONSTANT_CONVERSION = YES;
				CLANG_WARN_DEPRECATED_OBJC_IMPLEMENTATIONS = YES;
				CLANG_WARN_DIRECT_OBJC_ISA_USAGE = YES_ERROR;
				CLANG_WARN_DOCUMENTATION_COMMENTS = YES;
				CLANG_WARN_EMPTY_BODY = YES;
				CLANG_WARN_ENUM_CONVERSION = YES;
				CLANG_WARN_INFINITE_RECURSION = YES;
				CLANG_WARN_INT_CONVERSION = YES;
				CLANG_WARN_NON_LITERAL_NULL_CONVERSION = YES;
				CLANG_WARN_OBJC_IMPLICIT_RETAIN_SELF = YES;
				CLANG_WARN_OBJC_LITERAL_CONVERSION = YES;
				CLANG_WARN_OBJC_ROOT_CLASS = YES_ERROR;
				CLANG_WARN_QUOTED_INCLUDE_IN_FRAMEWORK_HEADER = YES;
				CLANG_WARN_RANGE_LOOP_ANALYSIS = YES;
				CLANG_WARN_STRICT_PROTOTYPES = YES;
				CLANG_WARN_SUSPICIOUS_MOVE = YES;
				CLANG_WARN_UNGUARDED_AVAILABILITY = YES_AGGRESSIVE;
				CLANG_WARN_UNREACHABLE_CODE = YES;
				CLANG_WARN__DUPLICATE_METHOD_MATCH = YES;
				COPY_PHASE_STRIP = NO;
				DEBUG_INFORMATION_FORMAT = dwarf;
				ENABLE_STRICT_OBJC_MSGSEND = YES;
				ENABLE_TESTABILITY = YES;
				ENABLE_USER_SCRIPT_SANDBOXING = YES;
				GCC_C_LANGUAGE_STANDARD = gnu17;
				GCC_DYNAMIC_NO_PIC = NO;
				GCC_NO_COMMON_BLOCKS = YES;
				GCC_OPTIMIZATION_LEVEL = 0;
				GCC_PREPROCESSOR_DEFINITIONS = (
					"DEBUG=1",
					"$(inherited)",
				);
				GCC_WARN_64_TO_32_BIT_CONVERSION = YES;
				GCC_WARN_ABOUT_RETURN_TYPE = YES_ERROR;
				GCC_WARN_UNDECLARED_SELECTOR = YES;
				GCC_WARN_UNINITIALIZED_AUTOS = YES_AGGRESSIVE;
				GCC_WARN_UNUSED_FUNCTION = YES;
				GCC_WARN_UNUSED_VARIABLE = YES;
				LOCALIZATION_PREFERS_STRING_CATALOGS = YES;
				MACOSX_DEPLOYMENT_TARGET = 12.0;
				MTL_ENABLE_DEBUG_INFO = INCLUDE_SOURCE;
				MTL_FAST_MATH = YES;
				ONLY_ACTIVE_ARCH = YES;
				SDKROOT = macosx;
				SWIFT_ACTIVE_COMPILATION_CONDITIONS = "DEBUG $(inherited)";
				SWIFT_OPTIMIZATION_LEVEL = "-Onone";
			};
			name = Debug;
		};
		E23E35FC30662A9C00ECDC5B /* Release configuration for PBXProject "X Bookmark Shelf" */ = {
			isa = XCBuildConfiguration;
			buildSettings = {
				ALWAYS_SEARCH_USER_PATHS = NO;
				ASSETCATALOG_COMPILER_GENERATE_SWIFT_ASSET_SYMBOL_EXTENSIONS = YES;
				CLANG_ANALYZER_NONNULL = YES;
				CLANG_ANALYZER_NUMBER_OBJECT_CONVERSION = YES_AGGRESSIVE;
				CLANG_CXX_LANGUAGE_STANDARD = "gnu++20";
				CLANG_ENABLE_MODULES = YES;
				CLANG_ENABLE_OBJC_ARC = YES;
				CLANG_ENABLE_OBJC_WEAK = YES;
				CLANG_WARN_BLOCK_CAPTURE_AUTORELEASING = YES;
				CLANG_WARN_BOOL_CONVERSION = YES;
				CLANG_WARN_COMMA = YES;
				CLANG_WARN_CONSTANT_CONVERSION = YES;
				CLANG_WARN_DEPRECATED_OBJC_IMPLEMENTATIONS = YES;
				CLANG_WARN_DIRECT_OBJC_ISA_USAGE = YES_ERROR;
				CLANG_WARN_DOCUMENTATION_COMMENTS = YES;
				CLANG_WARN_EMPTY_BODY = YES;
				CLANG_WARN_ENUM_CONVERSION = YES;
				CLANG_WARN_INFINITE_RECURSION = YES;
				CLANG_WARN_INT_CONVERSION = YES;
				CLANG_WARN_NON_LITERAL_NULL_CONVERSION = YES;
				CLANG_WARN_OBJC_IMPLICIT_RETAIN_SELF = YES;
				CLANG_WARN_OBJC_LITERAL_CONVERSION = YES;
				CLANG_WARN_OBJC_ROOT_CLASS = YES_ERROR;
				CLANG_WARN_QUOTED_INCLUDE_IN_FRAMEWORK_HEADER = YES;
				CLANG_WARN_RANGE_LOOP_ANALYSIS = YES;
				CLANG_WARN_STRICT_PROTOTYPES = YES;
				CLANG_WARN_SUSPICIOUS_MOVE = YES;
				CLANG_WARN_UNGUARDED_AVAILABILITY = YES_AGGRESSIVE;
				CLANG_WARN_UNREACHABLE_CODE = YES;
				CLANG_WARN__DUPLICATE_METHOD_MATCH = YES;
				COPY_PHASE_STRIP = NO;
				DEBUG_INFORMATION_FORMAT = "dwarf-with-dsym";
				ENABLE_NS_ASSERTIONS = NO;
				ENABLE_STRICT_OBJC_MSGSEND = YES;
				ENABLE_USER_SCRIPT_SANDBOXING = YES;
				GCC_C_LANGUAGE_STANDARD = gnu17;
				GCC_NO_COMMON_BLOCKS = YES;
				GCC_WARN_64_TO_32_BIT_CONVERSION = YES;
				GCC_WARN_ABOUT_RETURN_TYPE = YES_ERROR;
				GCC_WARN_UNDECLARED_SELECTOR = YES;
				GCC_WARN_UNINITIALIZED_AUTOS = YES_AGGRESSIVE;
				GCC_WARN_UNUSED_FUNCTION = YES;
				GCC_WARN_UNUSED_VARIABLE = YES;
				LOCALIZATION_PREFERS_STRING_CATALOGS = YES;
				MACOSX_DEPLOYMENT_TARGET = 12.0;
				MTL_ENABLE_DEBUG_INFO = NO;
				MTL_FAST_MATH = YES;
				SDKROOT = macosx;
				SWIFT_COMPILATION_MODE = wholemodule;
			};
			name = Release;
		};
		E23E35FE30662A9C00ECDC5B /* Debug configuration for PBXNativeTarget "X Bookmark Shelf Extension" */ = {
			isa = XCBuildConfiguration;
			buildSettings = {
				"CODE_SIGN_IDENTITY[sdk=macosx*]" = "Apple Development";
				CODE_SIGN_STYLE = Automatic;
				CURRENT_PROJECT_VERSION = 2;
				ENABLE_APP_SANDBOX = YES;
				ENABLE_HARDENED_RUNTIME = YES;
				ENABLE_USER_SELECTED_FILES = readonly;
				GENERATE_INFOPLIST_FILE = YES;
				INFOPLIST_FILE = "X Bookmark Shelf Extension/Info.plist";
				INFOPLIST_KEY_CFBundleDisplayName = "X Bookmark Shelf Extension";
				INFOPLIST_KEY_NSHumanReadableCopyright = "";
				LD_RUNPATH_SEARCH_PATHS = (
					"$(inherited)",
					"@executable_path/../Frameworks",
					"@executable_path/../../../../Frameworks",
				);
				MACOSX_DEPLOYMENT_TARGET = 12.0;
				MARKETING_VERSION = 0.1.1;
				OTHER_LDFLAGS = (
					"-framework",
					SafariServices,
				);
				PRODUCT_BUNDLE_IDENTIFIER = com.yoshimana.xbookmarkshelf.Extension;
				PRODUCT_NAME = "$(TARGET_NAME)";
				SKIP_INSTALL = YES;
				STRING_CATALOG_GENERATE_SYMBOLS = YES;
				SWIFT_APPROACHABLE_CONCURRENCY = YES;
				SWIFT_EMIT_LOC_STRINGS = YES;
				SWIFT_UPCOMING_FEATURE_MEMBER_IMPORT_VISIBILITY = YES;
				SWIFT_VERSION = 5.0;
			};
			name = Debug;
		};
		E23E35FF30662A9C00ECDC5B /* Release configuration for PBXNativeTarget "X Bookmark Shelf Extension" */ = {
			isa = XCBuildConfiguration;
			buildSettings = {
				"CODE_SIGN_IDENTITY[sdk=macosx*]" = "Apple Development";
				CODE_SIGN_STYLE = Automatic;
				CURRENT_PROJECT_VERSION = 2;
				ENABLE_APP_SANDBOX = YES;
				ENABLE_HARDENED_RUNTIME = YES;
				ENABLE_USER_SELECTED_FILES = readonly;
				GENERATE_INFOPLIST_FILE = YES;
				INFOPLIST_FILE = "X Bookmark Shelf Extension/Info.plist";
				INFOPLIST_KEY_CFBundleDisplayName = "X Bookmark Shelf Extension";
				INFOPLIST_KEY_NSHumanReadableCopyright = "";
				LD_RUNPATH_SEARCH_PATHS = (
					"$(inherited)",
					"@executable_path/../Frameworks",
					"@executable_path/../../../../Frameworks",
				);
				MACOSX_DEPLOYMENT_TARGET = 12.0;
				MARKETING_VERSION = 0.1.1;
				OTHER_LDFLAGS = (
					"-framework",
					SafariServices,
				);
				PRODUCT_BUNDLE_IDENTIFIER = com.yoshimana.xbookmarkshelf.Extension;
				PRODUCT_NAME = "$(TARGET_NAME)";
				SKIP_INSTALL = YES;
				STRING_CATALOG_GENERATE_SYMBOLS = YES;
				SWIFT_APPROACHABLE_CONCURRENCY = YES;
				SWIFT_EMIT_LOC_STRINGS = YES;
				SWIFT_UPCOMING_FEATURE_MEMBER_IMPORT_VISIBILITY = YES;
				SWIFT_VERSION = 5.0;
			};
			name = Release;
		};
		E23E360230662A9C00ECDC5B /* Debug configuration for PBXNativeTarget "X Bookmark Shelf" */ = {
			isa = XCBuildConfiguration;
			buildSettings = {
				ASSETCATALOG_COMPILER_APPICON_NAME = AppIcon;
				ASSETCATALOG_COMPILER_GLOBAL_ACCENT_COLOR_NAME = AccentColor;
				"CODE_SIGN_IDENTITY[sdk=macosx*]" = "Apple Development";
				CODE_SIGN_STYLE = Automatic;
				COMBINE_HIDPI_IMAGES = YES;
				CURRENT_PROJECT_VERSION = 2;
				ENABLE_APP_SANDBOX = YES;
				ENABLE_HARDENED_RUNTIME = YES;
				ENABLE_OUTGOING_NETWORK_CONNECTIONS = YES;
				ENABLE_USER_SELECTED_FILES = readonly;
				GENERATE_INFOPLIST_FILE = YES;
				INFOPLIST_FILE = "X Bookmark Shelf/Info.plist";
				INFOPLIST_KEY_CFBundleDisplayName = "X Bookmark Shelf";
				INFOPLIST_KEY_NSHumanReadableCopyright = "";
				INFOPLIST_KEY_NSMainStoryboardFile = Main;
				INFOPLIST_KEY_NSPrincipalClass = NSApplication;
				INFOPLIST_KEY_NSViewGestureRecognizerIsExclusive = NO;
				LD_RUNPATH_SEARCH_PATHS = (
					"$(inherited)",
					"@executable_path/../Frameworks",
				);
				MARKETING_VERSION = 0.1.1;
				OTHER_LDFLAGS = (
					"-framework",
					SafariServices,
					"-framework",
					WebKit,
				);
				PRODUCT_BUNDLE_IDENTIFIER = com.yoshimana.xbookmarkshelf;
				PRODUCT_NAME = "$(TARGET_NAME)";
				REGISTER_APP_GROUPS = YES;
				STRING_CATALOG_GENERATE_SYMBOLS = YES;
				SWIFT_APPROACHABLE_CONCURRENCY = YES;
				SWIFT_DEFAULT_ACTOR_ISOLATION = MainActor;
				SWIFT_EMIT_LOC_STRINGS = YES;
				SWIFT_UPCOMING_FEATURE_MEMBER_IMPORT_VISIBILITY = YES;
				SWIFT_VERSION = 5.0;
			};
			name = Debug;
		};
		E23E360330662A9C00ECDC5B /* Release configuration for PBXNativeTarget "X Bookmark Shelf" */ = {
			isa = XCBuildConfiguration;
			buildSettings = {
				ASSETCATALOG_COMPILER_APPICON_NAME = AppIcon;
				ASSETCATALOG_COMPILER_GLOBAL_ACCENT_COLOR_NAME = AccentColor;
				"CODE_SIGN_IDENTITY[sdk=macosx*]" = "Apple Development";
				CODE_SIGN_STYLE = Automatic;
				COMBINE_HIDPI_IMAGES = YES;
				CURRENT_PROJECT_VERSION = 2;
				ENABLE_APP_SANDBOX = YES;
				ENABLE_HARDENED_RUNTIME = YES;
				ENABLE_OUTGOING_NETWORK_CONNECTIONS = YES;
				ENABLE_USER_SELECTED_FILES = readonly;
				GENERATE_INFOPLIST_FILE = YES;
				INFOPLIST_FILE = "X Bookmark Shelf/Info.plist";
				INFOPLIST_KEY_CFBundleDisplayName = "X Bookmark Shelf";
				INFOPLIST_KEY_NSHumanReadableCopyright = "";
				INFOPLIST_KEY_NSMainStoryboardFile = Main;
				INFOPLIST_KEY_NSPrincipalClass = NSApplication;
				INFOPLIST_KEY_NSViewGestureRecognizerIsExclusive = NO;
				LD_RUNPATH_SEARCH_PATHS = (
					"$(inherited)",
					"@executable_path/../Frameworks",
				);
				MARKETING_VERSION = 0.1.1;
				OTHER_LDFLAGS = (
					"-framework",
					SafariServices,
					"-framework",
					WebKit,
				);
				PRODUCT_BUNDLE_IDENTIFIER = com.yoshimana.xbookmarkshelf;
				PRODUCT_NAME = "$(TARGET_NAME)";
				REGISTER_APP_GROUPS = YES;
				STRING_CATALOG_GENERATE_SYMBOLS = YES;
				SWIFT_APPROACHABLE_CONCURRENCY = YES;
				SWIFT_DEFAULT_ACTOR_ISOLATION = MainActor;
				SWIFT_EMIT_LOC_STRINGS = YES;
				SWIFT_UPCOMING_FEATURE_MEMBER_IMPORT_VISIBILITY = YES;
				SWIFT_VERSION = 5.0;
			};
			name = Release;
		};
/* End XCBuildConfiguration section */

/* Begin XCConfigurationList section */
		E23E35D330662A9B00ECDC5B /* Build configuration list for PBXProject "X Bookmark Shelf" */ = {
			isa = XCConfigurationList;
			buildConfigurations = (
				E23E35FB30662A9C00ECDC5B /* Debug configuration for PBXProject "X Bookmark Shelf" */,
				E23E35FC30662A9C00ECDC5B /* Release configuration for PBXProject "X Bookmark Shelf" */,
			);
			defaultConfigurationName = Release;
		};
		E23E35FD30662A9C00ECDC5B /* Build configuration list for PBXNativeTarget "X Bookmark Shelf Extension" */ = {
			isa = XCConfigurationList;
			buildConfigurations = (
				E23E35FE30662A9C00ECDC5B /* Debug configuration for PBXNativeTarget "X Bookmark Shelf Extension" */,
				E23E35FF30662A9C00ECDC5B /* Release configuration for PBXNativeTarget "X Bookmark Shelf Extension" */,
			);
			defaultConfigurationName = Release;
		};
		E23E360130662A9C00ECDC5B /* Build configuration list for PBXNativeTarget "X Bookmark Shelf" */ = {
			isa = XCConfigurationList;
			buildConfigurations = (
				E23E360230662A9C00ECDC5B /* Debug configuration for PBXNativeTarget "X Bookmark Shelf" */,
				E23E360330662A9C00ECDC5B /* Release configuration for PBXNativeTarget "X Bookmark Shelf" */,
			);
			defaultConfigurationName = Release;
		};
/* End XCConfigurationList section */
	};
	rootObject = E23E35D030662A9B00ECDC5B /* Project object */;
	validationLevel = 1;
}
